
Microsoft Visual Studio Solution File, Format Version 12.00
# Visual Studio Version 16
VisualStudioVersion = 16.0.29509.3
MinimumVisualStudioVersion = 10.0.40219.1
Project("{FAE04EC0-301F-11D3-BF4B-00C04F79EFBC}") = "App_1_1", "App_1_1.csproj", "{0A64A50F-EBC6-4222-B71B-7E59A72F171B}"
EndProject
Global
	GlobalSection(SolutionConfigurationPlatforms) = preSolution
		Debug|Any CPU = Debug|Any CPU
		Release|Any CPU = Release|Any CPU
	EndGlobalSection
	GlobalSection(ProjectConfigurationPlatforms) = postSolution
		{0A64A50F-EBC6-4222-B71B-7E59A72F171B}.Debug|Any CPU.ActiveCfg = Debug|Any CPU
		{0A64A50F-EBC6-4222-B71B-7E59A72F171B}.Debug|Any CPU.Build.0 = Debug|Any CPU
		{0A64A50F-EBC6-4222-B71B-7E59A72F171B}.Release|Any CPU.ActiveCfg = Release|Any CPU
		{0A64A50F-EBC6-4222-B71B-7E59A72F171B}.Release|Any CPU.Build.0 = Release|Any CPU
	EndGlobalSection
	GlobalSection(SolutionProperties) = preSolution
		HideSolutionNode = FALSE
	EndGlobalSection
	GlobalSection(ExtensibilityGlobals) = postSolution
		SolutionGuid = {990B5FB7-43E2-4A2F-A60E-EDC69D356888}
	EndGlobalSection
EndGlobal
